// !$*UTF8*$!
{
	archiveVersion = 1;
	classes = {
	};
	objectVersion = 46;
	objects = {

/* Begin PBXBuildFile section */
		50BAFB4B2153B96E00F73383 /* MKGradientView.framework in Frameworks */ = {isa = PBXBuildFile; fileRef = 50BAFB4A2153B96000F73383 /* MKGradientView.framework */; };
		50BAFB4C2153B96E00F73383 /* MKGradientView.framework in Embed Frameworks */ = {isa = PBXBuildFile; fileRef = 50BAFB4A2153B96000F73383 /* MKGradientView.framework */; settings = {ATTRIBUTES = (CodeSignOnCopy, RemoveHeadersOnCopy, ); }; };
		50F22C501BD52857006983CF /* AppDelegate.swift in Sources */ = {isa = PBXBuildFile; fileRef = 50F22C4F1BD52857006983CF /* AppDelegate.swift */; };
		50F22C521BD52857006983CF /* ViewController.swift in Sources */ = {isa = PBXBuildFile; fileRef = 50F22C511BD52857006983CF /* ViewController.swift */; };
		50F22C551BD52857006983CF /* Main.storyboard in Resources */ = {isa = PBXBuildFile; fileRef = 50F22C531BD52857006983CF /* Main.storyboard */; };
		50F22C571BD52857006983CF /* Assets.xcassets in Resources */ = {isa = PBXBuildFile; fileRef = 50F22C561BD52857006983CF /* Assets.xcassets */; };
		50F22C5A1BD52857006983CF /* LaunchScreen.storyboard in Resources */ = {isa = PBXBuildFile; fileRef = 50F22C581BD52857006983CF /* LaunchScreen.storyboard */; };
/* End PBXBuildFile section */

/* Begin PBXContainerItemProxy section */
		50BAFB492153B96000F73383 /* PBXContainerItemProxy */ = {
			isa = PBXContainerItemProxy;
			containerPortal = 50BAFB452153B96000F73383 /* MKGradientView.xcodeproj */;
			proxyType = 2;
			remoteGlobalIDString = 50BAFB352153B8CD00F73383;
			remoteInfo = MKGradientView;
		};
		50BAFB4D2153B96E00F73383 /* PBXContainerItemProxy */ = {
			isa = PBXContainerItemProxy;
			containerPortal = 50BAFB452153B96000F73383 /* MKGradientView.xcodeproj */;
			proxyType = 1;
			remoteGlobalIDString = 50BAFB342153B8CD00F73383;
			remoteInfo = MKGradientView;
		};
/* End PBXContainerItemProxy section */

/* Begin PBXCopyFilesBuildPhase section */
		50BAFB4F2153B96E00F73383 /* Embed Frameworks */ = {
			isa = PBXCopyFilesBuildPhase;
			buildActionMask = 2147483647;
			dstPath = "";
			dstSubfolderSpec = 10;
			files = (
				50BAFB4C2153B96E00F73383 /* MKGradientView.framework in Embed Frameworks */,
			);
			name = "Embed Frameworks";
			runOnlyForDeploymentPostprocessing = 0;
		};
/* End PBXCopyFilesBuildPhase section */

/* Begin PBXFileReference section */
		50BAFB452153B96000F73383 /* MKGradientView.xcodeproj */ = {isa = PBXFileReference; lastKnownFileType = "wrapper.pb-project"; name = MKGradientView.xcodeproj; path = ../MKGradientView.xcodeproj; sourceTree = "<group>"; };
		50F22C4C1BD52857006983CF /* MKGradientViewExample.app */ = {isa = PBXFileReference; explicitFileType = wrapper.application; includeInIndex = 0; path = MKGradientViewExample.app; sourceTree = BUILT_PRODUCTS_DIR; };
		50F22C4F1BD52857006983CF /* AppDelegate.swift */ = {isa = PBXFileReference; lastKnownFileType = sourcecode.swift; path = AppDelegate.swift; sourceTree = "<group>"; };
		50F22C511BD52857006983CF /* ViewController.swift */ = {isa = PBXFileReference; lastKnownFileType = sourcecode.swift; path = ViewController.swift; sourceTree = "<group>"; };
		50F22C541BD52857006983CF /* Base */ = {isa = PBXFileReference; lastKnownFileType = file.storyboard; name = Base; path = Base.lproj/Main.storyboard; sourceTree = "<group>"; };
		50F22C561BD52857006983CF /* Assets.xcassets */ = {isa = PBXFileReference; lastKnownFileType = folder.assetcatalog; path = Assets.xcassets; sourceTree = "<group>"; };
		50F22C591BD52857006983CF /* Base */ = {isa = PBXFileReference; lastKnownFileType = file.storyboard; name = Base; path = Base.lproj/LaunchScreen.storyboard; sourceTree = "<group>"; };
		50F22C5B1BD52857006983CF /* Info.plist */ = {isa = PBXFileReference; lastKnownFileType = text.plist.xml; path = Info.plist; sourceTree = "<group>"; };
/* End PBXFileReference section */

/* Begin PBXFrameworksBuildPhase section */
		50F22C491BD52857006983CF /* Frameworks */ = {
			isa = PBXFrameworksBuildPhase;
			buildActionMask = 2147483647;
			files = (
				50BAFB4B2153B96E00F73383 /* MKGradientView.framework in Frameworks */,
			);
			runOnlyForDeploymentPostprocessing = 0;
		};
/* End PBXFrameworksBuildPhase section */

/* Begin PBXGroup section */
		50BAFB462153B96000F73383 /* Products */ = {
			isa = PBXGroup;
			children = (
				50BAFB4A2153B96000F73383 /* MKGradientView.framework */,
			);
			name = Products;
			sourceTree = "<group>";
		};
		50F22C431BD52857006983CF = {
			isa = PBXGroup;
			children = (
				50BAFB452153B96000F73383 /* MKGradientView.xcodeproj */,
				50F22C4E1BD52857006983CF /* MKGradientViewExample */,
				50F22C4D1BD52857006983CF /* Products */,
			);
			sourceTree = "<group>";
		};
		50F22C4D1BD52857006983CF /* Products */ = {
			isa = PBXGroup;
			children = (
				50F22C4C1BD52857006983CF /* MKGradientViewExample.app */,
			);
			name = Products;
			sourceTree = "<group>";
		};
		50F22C4E1BD52857006983CF /* MKGradientViewExample */ = {
			isa = PBXGroup;
			children = (
				50F22C4F1BD52857006983CF /* AppDelegate.swift */,
				50F22C511BD52857006983CF /* ViewController.swift */,
				50F22C561BD52857006983CF /* Assets.xcassets */,
				50F22C531BD52857006983CF /* Main.storyboard */,
				50F22C581BD52857006983CF /* LaunchScreen.storyboard */,
				50F22C5B1BD52857006983CF /* Info.plist */,
			);
			path = MKGradientViewExample;
			sourceTree = "<group>";
		};
/* End PBXGroup section */

/* Begin PBXNativeTarget section */
		50F22C4B1BD52857006983CF /* MKGradientViewExample */ = {
			isa = PBXNativeTarget;
			buildConfigurationList = 50F22C5E1BD52857006983CF /* Build configuration list for PBXNativeTarget "MKGradientViewExample" */;
			buildPhases = (
				50F22C481BD52857006983CF /* Sources */,
				50F22C491BD52857006983CF /* Frameworks */,
				50F22C4A1BD52857006983CF /* Resources */,
				50BAFB4F2153B96E00F73383 /* Embed Frameworks */,
			);
			buildRules = (
			);
			dependencies = (
				50BAFB4E2153B96E00F73383 /* PBXTargetDependency */,
			);
			name = MKGradientViewExample;
			productName = MKGradientViewExample;
			productReference = 50F22C4C1BD52857006983CF /* MKGradientViewExample.app */;
			productType = "com.apple.product-type.application";
		};
/* End PBXNativeTarget section */

/* Begin PBXProject section */
		50F22C441BD52857006983CF /* Project object */ = {
			isa = PBXProject;
			attributes = {
				LastUpgradeCheck = 0900;
				ORGANIZATIONNAME = "Max Konovalov";
				TargetAttributes = {
					50F22C4B1BD52857006983CF = {
						CreatedOnToolsVersion = 7.0.1;
						LastSwiftMigration = 1020;
						ProvisioningStyle = Manual;
					};
				};
			};
			buildConfigurationList = 50F22C471BD52857006983CF /* Build configuration list for PBXProject "MKGradientViewExample" */;
			compatibilityVersion = "Xcode 3.2";
			developmentRegion = English;
			hasScannedForEncodings = 0;
			knownRegions = (
				English,
				en,
				Base,
			);
			mainGroup = 50F22C431BD52857006983CF;
			productRefGroup = 50F22C4D1BD52857006983CF /* Products */;
			projectDirPath = "";
			projectReferences = (
				{
					ProductGroup = 50BAFB462153B96000F73383 /* Products */;
					ProjectRef = 50BAFB452153B96000F73383 /* MKGradientView.xcodeproj */;
				},
			);
			projectRoot = "";
			targets = (
				50F22C4B1BD52857006983CF /* MKGradientViewExample */,
			);
		};
/* End PBXProject section */

/* Begin PBXReferenceProxy section */
		50BAFB4A2153B96000F73383 /* MKGradientView.framework */ = {
			isa = PBXReferenceProxy;
			fileType = wrapper.framework;
			path = MKGradientView.framework;
			remoteRef = 50BAFB492153B96000F73383 /* PBXContainerItemProxy */;
			sourceTree = BUILT_PRODUCTS_DIR;
		};
/* End PBXReferenceProxy section */

/* Begin PBXResourcesBuildPhase section */
		50F22C4A1BD52857006983CF /* Resources */ = {
			isa = PBXResourcesBuildPhase;
			buildActionMask = 2147483647;
			files = (
				50F22C5A1BD52857006983CF /* LaunchScreen.storyboard in Resources */,
				50F22C571BD52857006983CF /* Assets.xcassets in Resources */,
				50F22C551BD52857006983CF /* Main.storyboard in Resources */,
			);
			runOnlyForDeploymentPostprocessing = 0;
		};
/* End PBXResourcesBuildPhase section */

/* Begin PBXSourcesBuildPhase section */
		50F22C481BD52857006983CF /* Sources */ = {
			isa = PBXSourcesBuildPhase;
			buildActionMask = 2147483647;
			files = (
				50F22C521BD52857006983CF /* ViewController.swift in Sources */,
				50F22C501BD52857006983CF /* AppDelegate.swift in Sources */,
			);
			runOnlyForDeploymentPostprocessing = 0;
		};
/* End PBXSourcesBuildPhase section */

/* Begin PBXTargetDependency section */
		50BAFB4E2153B96E00F73383 /* PBXTargetDependency */ = {
			isa = PBXTargetDependency;
			name = MKGradientView;
			targetProxy = 50BAFB4D2153B96E00F73383 /* PBXContainerItemProxy */;
		};
/* End PBXTargetDependency section */

/* Begin PBXVariantGroup section */
		50F22C531BD52857006983CF /* Main.storyboard */ = {
			isa = PBXVariantGroup;
			children = (
				50F22C541BD52857006983CF /* Base */,
			);
			name = Main.storyboard;
			sourceTree = "<group>";
		};
		50F22C581BD52857006983CF /* LaunchScreen.storyboard */ = {
			isa = PBXVariantGroup;
			children = (
				50F22C591BD52857006983CF /* Base */,
			);
			name = LaunchScreen.storyboard;
			sourceTree = "<group>";
		};
/* End PBXVariantGroup section */

/* Begin XCBuildConfiguration section */
		50F22C5C1BD52857006983CF /* Debug */ = {
			isa = XCBuildConfiguration;
			buildSettings = {
				ALWAYS_SEARCH_USER_PATHS = NO;
				CLANG_CXX_LANGUAGE_STANDARD = "gnu++0x";
				CLANG_CXX_LIBRARY = "libc++";
				CLANG_ENABLE_MODULES = YES;
				CLANG_ENABLE_OBJC_ARC = YES;
				CLANG_WARN_BLOCK_CAPTURE_AUTORELEASING = YES;
				CLANG_WARN_BOOL_CONVERSION = YES;
				CLANG_WARN_COMMA = YES;
				CLANG_WARN_CONSTANT_CONVERSION = YES;
				CLANG_WARN_DIRECT_OBJC_ISA_USAGE = YES_ERROR;
				CLANG_WARN_EMPTY_BODY = YES;
				CLANG_WARN_ENUM_CONVERSION = YES;
				CLANG_WARN_INFINITE_RECURSION = YES;
				CLANG_WARN_INT_CONVERSION = YES;
				CLANG_WARN_NON_LITERAL_NULL_CONVERSION = YES;
				CLANG_WARN_OBJC_LITERAL_CONVERSION = YES;
				CLANG_WARN_OBJC_ROOT_CLASS = YES_ERROR;
				CLANG_WARN_RANGE_LOOP_ANALYSIS = YES;
				CLANG_WARN_STRICT_PROTOTYPES = YES;
				CLANG_WARN_SUSPICIOUS_MOVE = YES;
				CLANG_WARN_UNREACHABLE_CODE = YES;
				CLANG_WARN__DUPLICATE_METHOD_MATCH = YES;
				"CODE_SIGN_IDENTITY[sdk=iphoneos*]" = "iPhone Developer";
				COPY_PHASE_STRIP = NO;
				DEBUG_INFORMATION_FORMAT = dwarf;
				ENABLE_STRICT_OBJC_MSGSEND = YES;
				ENABLE_TESTABILITY = YES;
				GCC_C_LANGUAGE_STANDARD = gnu99;
				GCC_DYNAMIC_NO_PIC = NO;
				GCC_NO_COMMON_BLOCKS = YES;
				GCC_OPTIMIZATION_LEVEL = 0;
				GCC_PREPROCESSOR_DEFINITIONS = (
					"DEBUG=1",
					"$(inherited)",
				);
				GCC_WARN_64_TO_32_BIT_CONVERSION = YES;
				GCC_WARN_ABOUT_RETURN_TYPE = YES_ERROR;
				GCC_WARN_UNDECLARED_SELECTOR = YES;
				GCC_WARN_UNINITIALIZED_AUTOS = YES_AGGRESSIVE;
				GCC_WARN_UNUSED_FUNCTION = YES;
				GCC_WARN_UNUSED_VARIABLE = YES;
				IPHONEOS_DEPLOYMENT_TARGET = 8.0;
				MTL_ENABLE_DEBUG_INFO = YES;
				ONLY_ACTIVE_ARCH = YES;
				SDKROOT = iphoneos;
				SWIFT_OPTIMIZATION_LEVEL = "-Onone";
				TARGETED_DEVICE_FAMILY = "1,2";
			};
			name = Debug;
		};
		50F22C5D1BD52857006983CF /* Release */ = {
			isa = XCBuildConfiguration;
			buildSettings = {
				ALWAYS_SEARCH_USER_PATHS = NO;
				CLANG_CXX_LANGUAGE_STANDARD = "gnu++0x";
				CLANG_CXX_LIBRARY = "libc++";
				CLANG_ENABLE_MODULES = YES;
				CLANG_ENABLE_OBJC_ARC = YES;
				CLANG_WARN_BLOCK_CAPTURE_AUTORELEASING = YES;
				CLANG_WARN_BOOL_CONVERSION = YES;
				CLANG_WARN_COMMA = YES;
				CLANG_WARN_CONSTANT_CONVERSION = YES;
				CLANG_WARN_DIRECT_OBJC_ISA_USAGE = YES_ERROR;
				CLANG_WARN_EMPTY_BODY = YES;
				CLANG_WARN_ENUM_CONVERSION = YES;
				CLANG_WARN_INFINITE_RECURSION = YES;
				CLANG_WARN_INT_CONVERSION = YES;
				CLANG_WARN_NON_LITERAL_NULL_CONVERSION = YES;
				CLANG_WARN_OBJC_LITERAL_CONVERSION = YES;
				CLANG_WARN_OBJC_ROOT_CLASS = YES_ERROR;
				CLANG_WARN_RANGE_LOOP_ANALYSIS = YES;
				CLANG_WARN_STRICT_PROTOTYPES = YES;
				CLANG_WARN_SUSPICIOUS_MOVE = YES;
				CLANG_WARN_UNREACHABLE_CODE = YES;
				CLANG_WARN__DUPLICATE_METHOD_MATCH = YES;
				"CODE_SIGN_IDENTITY[sdk=iphoneos*]" = "iPhone Developer";
				COPY_PHASE_STRIP = NO;
				DEBUG_INFORMATION_FORMAT = "dwarf-with-dsym";
				ENABLE_NS_ASSERTIONS = NO;
				ENABLE_STRICT_OBJC_MSGSEND = YES;
				GCC_C_LANGUAGE_STANDARD = gnu99;
				GCC_NO_COMMON_BLOCKS = YES;
				GCC_WARN_64_TO_32_BIT_CONVERSION = YES;
				GCC_WARN_ABOUT_RETURN_TYPE = YES_ERROR;
				GCC_WARN_UNDECLARED_SELECTOR = YES;
				GCC_WARN_UNINITIALIZED_AUTOS = YES_AGGRESSIVE;
				GCC_WARN_UNUSED_FUNCTION = YES;
				GCC_WARN_UNUSED_VARIABLE = YES;
				IPHONEOS_DEPLOYMENT_TARGET = 8.0;
				MTL_ENABLE_DEBUG_INFO = NO;
				SDKROOT = iphoneos;
				SWIFT_OPTIMIZATION_LEVEL = "-Owholemodule";
				TARGETED_DEVICE_FAMILY = "1,2";
				VALIDATE_PRODUCT = YES;
			};
			name = Release;
		};
		50F22C5F1BD52857006983CF /* Debug */ = {
			isa = XCBuildConfiguration;
			buildSettings = {
				ALWAYS_EMBED_SWIFT_STANDARD_LIBRARIES = YES;
				ASSETCATALOG_COMPILER_APPICON_NAME = AppIcon;
				CODE_SIGN_STYLE = Manual;
				DEVELOPMENT_TEAM = "";
				INFOPLIST_FILE = MKGradientViewExample/Info.plist;
				LD_RUNPATH_SEARCH_PATHS = "$(inherited) @executable_path/Frameworks";
				PRODUCT_BUNDLE_IDENTIFIER = com.maxkonovalov.MKGradientViewExample;
				PRODUCT_NAME = "$(TARGET_NAME)";
				PROVISIONING_PROFILE_SPECIFIER = "";
				SWIFT_VERSION = 5.0;
			};
			name = Debug;
		};
		50F22C601BD52857006983CF /* Release */ = {
			isa = XCBuildConfiguration;
			buildSettings = {
				ALWAYS_EMBED_SWIFT_STANDARD_LIBRARIES = YES;
				ASSETCATALOG_COMPILER_APPICON_NAME = AppIcon;
				CODE_SIGN_STYLE = Manual;
				DEVELOPMENT_TEAM = "";
				INFOPLIST_FILE = MKGradientViewExample/Info.plist;
				LD_RUNPATH_SEARCH_PATHS = "$(inherited) @executable_path/Frameworks";
				PRODUCT_BUNDLE_IDENTIFIER = com.maxkonovalov.MKGradientViewExample;
				PRODUCT_NAME = "$(TARGET_NAME)";
				PROVISIONING_PROFILE_SPECIFIER = "";
				SWIFT_VERSION = 5.0;
			};
			name = Release;
		};
/* End XCBuildConfiguration section */

/* Begin XCConfigurationList section */
		50F22C471BD52857006983CF /* Build configuration list for PBXProject "MKGradientViewExample" */ = {
			isa = XCConfigurationList;
			buildConfigurations = (
				50F22C5C1BD52857006983CF /* Debug */,
				50F22C5D1BD52857006983CF /* Release */,
			);
			defaultConfigurationIsVisible = 0;
			defaultConfigurationName = Release;
		};
		50F22C5E1BD52857006983CF /* Build configuration list for PBXNativeTarget "MKGradientViewExample" */ = {
			isa = XCConfigurationList;
			buildConfigurations = (
				50F22C5F1BD52857006983CF /* Debug */,
				50F22C601BD52857006983CF /* Release */,
			);
			defaultConfigurationIsVisible = 0;
			defaultConfigurationName = Release;
		};
/* End XCConfigurationList section */
	};
	rootObject = 50F22C441BD52857006983CF /* Project object */;
}
